
Microsoft Visual Studio Solution File, Format Version 12.00
# Visual Studio Version 17
VisualStudioVersion = 17.0.32014.148
MinimumVisualStudioVersion = 10.0.40219.1
Project("{FAE04EC0-301F-11D3-BF4B-00C04F79EFBC}") = "DiscordPlaylistManagerV2", "DiscordPlaylistManagerV2.csproj", "{C36BDD48-D360-4329-8F0E-0A8A3135CD30}"
EndProject
Global
	GlobalSection(SolutionConfigurationPlatforms) = preSolution
		Debug|Any CPU = Debug|Any CPU
		Release|Any CPU = Release|Any CPU
	EndGlobalSection
	GlobalSection(ProjectConfigurationPlatforms) = postSolution
		{C36BDD48-D360-4329-8F0E-0A8A3135CD30}.Debug|Any CPU.ActiveCfg = Debug|Any CPU
		{C36BDD48-D360-4329-8F0E-0A8A3135CD30}.Debug|Any CPU.Build.0 = Debug|Any CPU
		{C36BDD48-D360-4329-8F0E-0A8A3135CD30}.Release|Any CPU.ActiveCfg = Release|Any CPU
		{C36BDD48-D360-4329-8F0E-0A8A3135CD30}.Release|Any CPU.Build.0 = Release|Any CPU
	EndGlobalSection
	GlobalSection(SolutionProperties) = preSolution
		HideSolutionNode = FALSE
	EndGlobalSection
	GlobalSection(ExtensibilityGlobals) = postSolution
		SolutionGuid = {04050CC4-98AD-4125-B34D-B62BC9938B7A}
	EndGlobalSection
EndGlobal
